<?xml version="1.0" encoding="utf-8"?>
<Project ToolsVersion="4.0" xmlns="http://schemas.microsoft.com/developer/msbuild/2003">
  <ItemGroup>
    <Filter Include="include">
      <UniqueIdentifier>{e3139c26-579d-4dca-91ad-e0da08e54a5a}</UniqueIdentifier>
    </Filter>
    <Filter Include="src">
      <UniqueIdentifier>{52e2ba71-5358-4c56-a544-d0ceaf72e5e5}</UniqueIdentifier>
    </Filter>
    <Filter Include="test">
      <UniqueIdentifier>{c8b26ac7-8205-4af9-a910-3e628ef95ac1}</UniqueIdentifier>
    </Filter>
    <Filter Include="test\include">
      <UniqueIdentifier>{f4b70ffc-a400-46ca-a963-929507f1b2fd}</UniqueIdentifier>
    </Filter>
    <Filter Include="test\src">
      <UniqueIdentifier>{9b8abb11-cbbb-4d07-92d7-257c750a7f43}</UniqueIdentifier>
    </Filter>
  </ItemGroup>
  <ItemGroup>
    <ClInclude Include="..\include\Sort.h">
      <Filter>include</Filter>
    </ClInclude>
    <ClInclude Include="..\test\include\TestData.h">
      <Filter>test\include</Filter>
    </ClInclude>
  </ItemGroup>
  <ItemGroup>
    <ClCompile Include="..\src\Sort.cpp">
      <Filter>src</Filter>
    </ClCompile>
    <ClCompile Include="..\test\main.cpp" />
    <ClCompile Include="..\test\src\TestData.cpp">
      <Filter>test\src</Filter>
    </ClCompile>
  </ItemGroup>
</Project>